
Microsoft Visual Studio Solution File, Format Version 12.00
# Visual Studio 15
VisualStudioVersion = 15.0.28010.2026
MinimumVisualStudioVersion = 10.0.40219.1
Project("{FAE04EC0-301F-11D3-BF4B-00C04F79EFBC}") = "MCronberg.CSCourseHelper", "MCronberg.CSCourseHelper\MCronberg.CSCourseHelper.csproj", "{AD1B3DC9-A753-4006-AEA0-8465CFF14E30}"
EndProject
Global
	GlobalSection(SolutionConfigurationPlatforms) = preSolution
		Debug|Any CPU = Debug|Any CPU
		Release|Any CPU = Release|Any CPU
	EndGlobalSection
	GlobalSection(ProjectConfigurationPlatforms) = postSolution
		{AD1B3DC9-A753-4006-AEA0-8465CFF14E30}.Debug|Any CPU.ActiveCfg = Debug|Any CPU
		{AD1B3DC9-A753-4006-AEA0-8465CFF14E30}.Debug|Any CPU.Build.0 = Debug|Any CPU
		{AD1B3DC9-A753-4006-AEA0-8465CFF14E30}.Release|Any CPU.ActiveCfg = Release|Any CPU
		{AD1B3DC9-A753-4006-AEA0-8465CFF14E30}.Release|Any CPU.Build.0 = Release|Any CPU
	EndGlobalSection
	GlobalSection(SolutionProperties) = preSolution
		HideSolutionNode = FALSE
	EndGlobalSection
	GlobalSection(ExtensibilityGlobals) = postSolution
		SolutionGuid = {DB9911BB-A5B4-49A3-9C09-1434ABB24375}
	EndGlobalSection
EndGlobal
